
Microsoft Visual Studio Solution File, Format Version 12.00
# Visual Studio Version 16
VisualStudioVersion = 16.0.29020.237
MinimumVisualStudioVersion = 10.0.40219.1
Project("{9A19103F-16F7-4668-BE54-9A1E7A4F7556}") = "WhiteBoardSolutions", "WhiteBoardSolutions\WhiteBoardSolutions.csproj", "{B6C0218F-8EA5-4EF7-AE6B-C24C2FB51538}"
EndProject
Project("{9A19103F-16F7-4668-BE54-9A1E7A4F7556}") = "oddTest", "oddTest\oddTest.csproj", "{0FFDCC14-B24A-4870-8C77-7D48C905CA5C}"
EndProject
Project("{9A19103F-16F7-4668-BE54-9A1E7A4F7556}") = "SumOfOddsTest", "SumOfOddsTest\SumOfOddsTest.csproj", "{C7FBC19C-E001-4DB9-8B7B-00FD8BAC7082}"
EndProject
Project("{9A19103F-16F7-4668-BE54-9A1E7A4F7556}") = "SumOfOdds", "SumOfOdds\SumOfOdds.csproj", "{10EA500B-5706-4808-9579-BA03F3CA0C5E}"
EndProject
Project("{9A19103F-16F7-4668-BE54-9A1E7A4F7556}") = "countCapitals", "countCapitals\countCapitals.csproj", "{A9CC5E69-5089-4836-83F1-3F3BC46601B5}"
EndProject
Project("{9A19103F-16F7-4668-BE54-9A1E7A4F7556}") = "CountCapitalsTest", "CountCapitalsTest\CountCapitalsTest.csproj", "{13CA32C7-F28D-422A-B1BE-0D5350F6D7E0}"
EndProject
Project("{9A19103F-16F7-4668-BE54-9A1E7A4F7556}") = "minutesToAngles", "minutesToAngles\minutesToAngles.csproj", "{004FA592-CA65-4838-9DFA-5E5300E8E992}"
EndProject
Project("{9A19103F-16F7-4668-BE54-9A1E7A4F7556}") = "MinutesToAnglesTest", "MinutesToAnglesTest\MinutesToAnglesTest.csproj", "{E95B22D5-CEA3-48AF-93E4-C41400C97554}"
EndProject
Project("{9A19103F-16F7-4668-BE54-9A1E7A4F7556}") = "JulianDate", "JulianDate\JulianDate.csproj", "{34E4BC04-4041-489F-9426-0B6FC324D7F5}"
EndProject
Project("{9A19103F-16F7-4668-BE54-9A1E7A4F7556}") = "JulianDateTest", "JulianDateTest\JulianDateTest.csproj", "{853B0370-BB61-4970-A515-097A8D392CF4}"
EndProject
Project("{9A19103F-16F7-4668-BE54-9A1E7A4F7556}") = "CamelCase", "CamelCase\CamelCase.csproj", "{8BBBD24B-705C-4841-B86C-129D09ABF651}"
EndProject
Project("{9A19103F-16F7-4668-BE54-9A1E7A4F7556}") = "CamelCaseTest", "CamelCaseTest\CamelCaseTest.csproj", "{1A0059D8-37B3-4B54-ADCB-61196661C915}"
EndProject
Project("{9A19103F-16F7-4668-BE54-9A1E7A4F7556}") = "ReverseString", "reverseString\ReverseString.csproj", "{0EE6AD85-73CB-4D79-9D6B-6B0DE9C8C50A}"
EndProject
Project("{9A19103F-16F7-4668-BE54-9A1E7A4F7556}") = "ReverseStringTest", "ReverseStringTest\ReverseStringTest.csproj", "{4DBE5980-CB58-4746-886C-31882C14DDE6}"
EndProject
Project("{9A19103F-16F7-4668-BE54-9A1E7A4F7556}") = "SwitchInts", "SwitchInts\SwitchInts.csproj", "{11587BDB-EF12-4687-BE7F-6BFEAC58C503}"
EndProject
Project("{9A19103F-16F7-4668-BE54-9A1E7A4F7556}") = "SwitchIntsTest", "SwitchIntsTest\SwitchIntsTest.csproj", "{B1BCAC91-E5D3-4EED-9CBC-4413936E8E34}"
EndProject
Project("{9A19103F-16F7-4668-BE54-9A1E7A4F7556}") = "ReverseInt", "ReverseInt\ReverseInt.csproj", "{1A158277-2C42-4D6D-B1A7-9B6816A042AA}"
EndProject
Project("{9A19103F-16F7-4668-BE54-9A1E7A4F7556}") = "ReverseIntTest", "ReverseIntTest\ReverseIntTest.csproj", "{727892D1-8140-42FD-B6E4-77A48B1CD7D5}"
EndProject
Project("{9A19103F-16F7-4668-BE54-9A1E7A4F7556}") = "QuickSort", "QuickSort\QuickSort.csproj", "{6BEB7D1C-E93B-4BBB-BA4B-DCE74B9EBE21}"
EndProject
Project("{9A19103F-16F7-4668-BE54-9A1E7A4F7556}") = "GiveDistinctCount", "GiveDistinctCount\GiveDistinctCount.csproj", "{C049047F-D9A3-4064-8206-42B5C4CB0D57}"
EndProject
Project("{9A19103F-16F7-4668-BE54-9A1E7A4F7556}") = "GiveDistinctElementsTest", "GiveDistinctElementsTest\GiveDistinctElementsTest.csproj", "{509FEC4D-2937-4E5E-9CEF-6CE3608D9D12}"
EndProject
Project("{9A19103F-16F7-4668-BE54-9A1E7A4F7556}") = "PrimeNumbers", "PrimeNumbers\PrimeNumbers.csproj", "{DA247E04-8F9B-4B90-9F55-955EB8DAAF7F}"
EndProject
Project("{9A19103F-16F7-4668-BE54-9A1E7A4F7556}") = "PrimeNumbersTest", "PrimeNumbersTest\PrimeNumbersTest.csproj", "{0818AAA6-334E-4950-A226-6B401FE5FBF0}"
EndProject
Project("{9A19103F-16F7-4668-BE54-9A1E7A4F7556}") = "LetterCount", "LetterCount\LetterCount.csproj", "{D02A6915-AC82-4BC1-883D-2263BB3F42A5}"
EndProject
Project("{9A19103F-16F7-4668-BE54-9A1E7A4F7556}") = "LetterCountTest", "LetterCountTest\LetterCountTest.csproj", "{87529F48-FD2B-4B4B-84FE-A077551507AF}"
EndProject
Project("{9A19103F-16F7-4668-BE54-9A1E7A4F7556}") = "WebApplication1", "WebApplication1\WebApplication1.csproj", "{E0F6F669-1F0B-4EA7-9842-B3ED70C2D46B}"
EndProject
Project("{9A19103F-16F7-4668-BE54-9A1E7A4F7556}") = "FindSubstring", "FindSubstring\FindSubstring.csproj", "{17E31959-194E-4226-8EE5-904C7A21FF48}"
EndProject
Project("{9A19103F-16F7-4668-BE54-9A1E7A4F7556}") = "FindSubstring.Test", "FindSubstring.Test\FindSubstring.Test.csproj", "{1DF8F480-99B9-4805-8393-7B6457522978}"
EndProject
Project("{9A19103F-16F7-4668-BE54-9A1E7A4F7556}") = "CentimetersToInches", "CentimetersToInches\CentimetersToInches.csproj", "{59857605-A2DB-4FCB-943C-46C846A755E1}"
EndProject
Project("{9A19103F-16F7-4668-BE54-9A1E7A4F7556}") = "PigLatin", "PigLatin\PigLatin.csproj", "{AEE4B9AC-E5BB-49A9-A648-951F5C1F9943}"
EndProject
Project("{FAE04EC0-301F-11D3-BF4B-00C04F79EFBC}") = "Alphabetize", "Alphabetize\Alphabetize.csproj", "{05CF35DB-18E8-4067-A7EF-362F68872396}"
EndProject
Project("{FAE04EC0-301F-11D3-BF4B-00C04F79EFBC}") = "FindProbability", "FindProbability\FindProbability.csproj", "{625E6A78-74E2-4508-936A-0DDE9BF1F997}"
EndProject
Global
	GlobalSection(SolutionConfigurationPlatforms) = preSolution
		Debug|Any CPU = Debug|Any CPU
		Release|Any CPU = Release|Any CPU
	EndGlobalSection
	GlobalSection(ProjectConfigurationPlatforms) = postSolution
		{B6C0218F-8EA5-4EF7-AE6B-C24C2FB51538}.Debug|Any CPU.ActiveCfg = Debug|Any CPU
		{B6C0218F-8EA5-4EF7-AE6B-C24C2FB51538}.Debug|Any CPU.Build.0 = Debug|Any CPU
		{B6C0218F-8EA5-4EF7-AE6B-C24C2FB51538}.Release|Any CPU.ActiveCfg = Release|Any CPU
		{B6C0218F-8EA5-4EF7-AE6B-C24C2FB51538}.Release|Any CPU.Build.0 = Release|Any CPU
		{0FFDCC14-B24A-4870-8C77-7D48C905CA5C}.Debug|Any CPU.ActiveCfg = Debug|Any CPU
		{0FFDCC14-B24A-4870-8C77-7D48C905CA5C}.Debug|Any CPU.Build.0 = Debug|Any CPU
		{0FFDCC14-B24A-4870-8C77-7D48C905CA5C}.Release|Any CPU.ActiveCfg = Release|Any CPU
		{0FFDCC14-B24A-4870-8C77-7D48C905CA5C}.Release|Any CPU.Build.0 = Release|Any CPU
		{C7FBC19C-E001-4DB9-8B7B-00FD8BAC7082}.Debug|Any CPU.ActiveCfg = Debug|Any CPU
		{C7FBC19C-E001-4DB9-8B7B-00FD8BAC7082}.Debug|Any CPU.Build.0 = Debug|Any CPU
		{C7FBC19C-E001-4DB9-8B7B-00FD8BAC7082}.Release|Any CPU.ActiveCfg = Release|Any CPU
		{C7FBC19C-E001-4DB9-8B7B-00FD8BAC7082}.Release|Any CPU.Build.0 = Release|Any CPU
		{10EA500B-5706-4808-9579-BA03F3CA0C5E}.Debug|Any CPU.ActiveCfg = Debug|Any CPU
		{10EA500B-5706-4808-9579-BA03F3CA0C5E}.Debug|Any CPU.Build.0 = Debug|Any CPU
		{10EA500B-5706-4808-9579-BA03F3CA0C5E}.Release|Any CPU.ActiveCfg = Release|Any CPU
		{10EA500B-5706-4808-9579-BA03F3CA0C5E}.Release|Any CPU.Build.0 = Release|Any CPU
		{A9CC5E69-5089-4836-83F1-3F3BC46601B5}.Debug|Any CPU.ActiveCfg = Debug|Any CPU
		{A9CC5E69-5089-4836-83F1-3F3BC46601B5}.Debug|Any CPU.Build.0 = Debug|Any CPU
		{A9CC5E69-5089-4836-83F1-3F3BC46601B5}.Release|Any CPU.ActiveCfg = Release|Any CPU
		{A9CC5E69-5089-4836-83F1-3F3BC46601B5}.Release|Any CPU.Build.0 = Release|Any CPU
		{13CA32C7-F28D-422A-B1BE-0D5350F6D7E0}.Debug|Any CPU.ActiveCfg = Debug|Any CPU
		{13CA32C7-F28D-422A-B1BE-0D5350F6D7E0}.Debug|Any CPU.Build.0 = Debug|Any CPU
		{13CA32C7-F28D-422A-B1BE-0D5350F6D7E0}.Release|Any CPU.ActiveCfg = Release|Any CPU
		{13CA32C7-F28D-422A-B1BE-0D5350F6D7E0}.Release|Any CPU.Build.0 = Release|Any CPU
		{004FA592-CA65-4838-9DFA-5E5300E8E992}.Debug|Any CPU.ActiveCfg = Debug|Any CPU
		{004FA592-CA65-4838-9DFA-5E5300E8E992}.Debug|Any CPU.Build.0 = Debug|Any CPU
		{004FA592-CA65-4838-9DFA-5E5300E8E992}.Release|Any CPU.ActiveCfg = Release|Any CPU
		{004FA592-CA65-4838-9DFA-5E5300E8E992}.Release|Any CPU.Build.0 = Release|Any CPU
		{E95B22D5-CEA3-48AF-93E4-C41400C97554}.Debug|Any CPU.ActiveCfg = Debug|Any CPU
		{E95B22D5-CEA3-48AF-93E4-C41400C97554}.Debug|Any CPU.Build.0 = Debug|Any CPU
		{E95B22D5-CEA3-48AF-93E4-C41400C97554}.Release|Any CPU.ActiveCfg = Release|Any CPU
		{E95B22D5-CEA3-48AF-93E4-C41400C97554}.Release|Any CPU.Build.0 = Release|Any CPU
		{34E4BC04-4041-489F-9426-0B6FC324D7F5}.Debug|Any CPU.ActiveCfg = Debug|Any CPU
		{34E4BC04-4041-489F-9426-0B6FC324D7F5}.Debug|Any CPU.Build.0 = Debug|Any CPU
		{34E4BC04-4041-489F-9426-0B6FC324D7F5}.Release|Any CPU.ActiveCfg = Release|Any CPU
		{34E4BC04-4041-489F-9426-0B6FC324D7F5}.Release|Any CPU.Build.0 = Release|Any CPU
		{853B0370-BB61-4970-A515-097A8D392CF4}.Debug|Any CPU.ActiveCfg = Debug|Any CPU
		{853B0370-BB61-4970-A515-097A8D392CF4}.Debug|Any CPU.Build.0 = Debug|Any CPU
		{853B0370-BB61-4970-A515-097A8D392CF4}.Release|Any CPU.ActiveCfg = Release|Any CPU
		{853B0370-BB61-4970-A515-097A8D392CF4}.Release|Any CPU.Build.0 = Release|Any CPU
		{8BBBD24B-705C-4841-B86C-129D09ABF651}.Debug|Any CPU.ActiveCfg = Debug|Any CPU
		{8BBBD24B-705C-4841-B86C-129D09ABF651}.Debug|Any CPU.Build.0 = Debug|Any CPU
		{8BBBD24B-705C-4841-B86C-129D09ABF651}.Release|Any CPU.ActiveCfg = Release|Any CPU
		{8BBBD24B-705C-4841-B86C-129D09ABF651}.Release|Any CPU.Build.0 = Release|Any CPU
		{1A0059D8-37B3-4B54-ADCB-61196661C915}.Debug|Any CPU.ActiveCfg = Debug|Any CPU
		{1A0059D8-37B3-4B54-ADCB-61196661C915}.Debug|Any CPU.Build.0 = Debug|Any CPU
		{1A0059D8-37B3-4B54-ADCB-61196661C915}.Release|Any CPU.ActiveCfg = Release|Any CPU
		{1A0059D8-37B3-4B54-ADCB-61196661C915}.Release|Any CPU.Build.0 = Release|Any CPU
		{0EE6AD85-73CB-4D79-9D6B-6B0DE9C8C50A}.Debug|Any CPU.ActiveCfg = Debug|Any CPU
		{0EE6AD85-73CB-4D79-9D6B-6B0DE9C8C50A}.Debug|Any CPU.Build.0 = Debug|Any CPU
		{0EE6AD85-73CB-4D79-9D6B-6B0DE9C8C50A}.Release|Any CPU.ActiveCfg = Release|Any CPU
		{0EE6AD85-73CB-4D79-9D6B-6B0DE9C8C50A}.Release|Any CPU.Build.0 = Release|Any CPU
		{4DBE5980-CB58-4746-886C-31882C14DDE6}.Debug|Any CPU.ActiveCfg = Debug|Any CPU
		{4DBE5980-CB58-4746-886C-31882C14DDE6}.Debug|Any CPU.Build.0 = Debug|Any CPU
		{4DBE5980-CB58-4746-886C-31882C14DDE6}.Release|Any CPU.ActiveCfg = Release|Any CPU
		{4DBE5980-CB58-4746-886C-31882C14DDE6}.Release|Any CPU.Build.0 = Release|Any CPU
		{11587BDB-EF12-4687-BE7F-6BFEAC58C503}.Debug|Any CPU.ActiveCfg = Debug|Any CPU
		{11587BDB-EF12-4687-BE7F-6BFEAC58C503}.Debug|Any CPU.Build.0 = Debug|Any CPU
		{11587BDB-EF12-4687-BE7F-6BFEAC58C503}.Release|Any CPU.ActiveCfg = Release|Any CPU
		{11587BDB-EF12-4687-BE7F-6BFEAC58C503}.Release|Any CPU.Build.0 = Release|Any CPU
		{B1BCAC91-E5D3-4EED-9CBC-4413936E8E34}.Debug|Any CPU.ActiveCfg = Debug|Any CPU
		{B1BCAC91-E5D3-4EED-9CBC-4413936E8E34}.Debug|Any CPU.Build.0 = Debug|Any CPU
		{B1BCAC91-E5D3-4EED-9CBC-4413936E8E34}.Release|Any CPU.ActiveCfg = Release|Any CPU
		{B1BCAC91-E5D3-4EED-9CBC-4413936E8E34}.Release|Any CPU.Build.0 = Release|Any CPU
		{1A158277-2C42-4D6D-B1A7-9B6816A042AA}.Debug|Any CPU.ActiveCfg = Debug|Any CPU
		{1A158277-2C42-4D6D-B1A7-9B6816A042AA}.Debug|Any CPU.Build.0 = Debug|Any CPU
		{1A158277-2C42-4D6D-B1A7-9B6816A042AA}.Release|Any CPU.ActiveCfg = Release|Any CPU
		{1A158277-2C42-4D6D-B1A7-9B6816A042AA}.Release|Any CPU.Build.0 = Release|Any CPU
		{727892D1-8140-42FD-B6E4-77A48B1CD7D5}.Debug|Any CPU.ActiveCfg = Debug|Any CPU
		{727892D1-8140-42FD-B6E4-77A48B1CD7D5}.Debug|Any CPU.Build.0 = Debug|Any CPU
		{727892D1-8140-42FD-B6E4-77A48B1CD7D5}.Release|Any CPU.ActiveCfg = Release|Any CPU
		{727892D1-8140-42FD-B6E4-77A48B1CD7D5}.Release|Any CPU.Build.0 = Release|Any CPU
		{6BEB7D1C-E93B-4BBB-BA4B-DCE74B9EBE21}.Debug|Any CPU.ActiveCfg = Debug|Any CPU
		{6BEB7D1C-E93B-4BBB-BA4B-DCE74B9EBE21}.Debug|Any CPU.Build.0 = Debug|Any CPU
		{6BEB7D1C-E93B-4BBB-BA4B-DCE74B9EBE21}.Release|Any CPU.ActiveCfg = Release|Any CPU
		{6BEB7D1C-E93B-4BBB-BA4B-DCE74B9EBE21}.Release|Any CPU.Build.0 = Release|Any CPU
		{C049047F-D9A3-4064-8206-42B5C4CB0D57}.Debug|Any CPU.ActiveCfg = Debug|Any CPU
		{C049047F-D9A3-4064-8206-42B5C4CB0D57}.Debug|Any CPU.Build.0 = Debug|Any CPU
		{C049047F-D9A3-4064-8206-42B5C4CB0D57}.Release|Any CPU.ActiveCfg = Release|Any CPU
		{C049047F-D9A3-4064-8206-42B5C4CB0D57}.Release|Any CPU.Build.0 = Release|Any CPU
		{509FEC4D-2937-4E5E-9CEF-6CE3608D9D12}.Debug|Any CPU.ActiveCfg = Debug|Any CPU
		{509FEC4D-2937-4E5E-9CEF-6CE3608D9D12}.Debug|Any CPU.Build.0 = Debug|Any CPU
		{509FEC4D-2937-4E5E-9CEF-6CE3608D9D12}.Release|Any CPU.ActiveCfg = Release|Any CPU
		{509FEC4D-2937-4E5E-9CEF-6CE3608D9D12}.Release|Any CPU.Build.0 = Release|Any CPU
		{DA247E04-8F9B-4B90-9F55-955EB8DAAF7F}.Debug|Any CPU.ActiveCfg = Debug|Any CPU
		{DA247E04-8F9B-4B90-9F55-955EB8DAAF7F}.Debug|Any CPU.Build.0 = Debug|Any CPU
		{DA247E04-8F9B-4B90-9F55-955EB8DAAF7F}.Release|Any CPU.ActiveCfg = Release|Any CPU
		{DA247E04-8F9B-4B90-9F55-955EB8DAAF7F}.Release|Any CPU.Build.0 = Release|Any CPU
		{0818AAA6-334E-4950-A226-6B401FE5FBF0}.Debug|Any CPU.ActiveCfg = Debug|Any CPU
		{0818AAA6-334E-4950-A226-6B401FE5FBF0}.Debug|Any CPU.Build.0 = Debug|Any CPU
		{0818AAA6-334E-4950-A226-6B401FE5FBF0}.Release|Any CPU.ActiveCfg = Release|Any CPU
		{0818AAA6-334E-4950-A226-6B401FE5FBF0}.Release|Any CPU.Build.0 = Release|Any CPU
		{D02A6915-AC82-4BC1-883D-2263BB3F42A5}.Debug|Any CPU.ActiveCfg = Debug|Any CPU
		{D02A6915-AC82-4BC1-883D-2263BB3F42A5}.Debug|Any CPU.Build.0 = Debug|Any CPU
		{D02A6915-AC82-4BC1-883D-2263BB3F42A5}.Release|Any CPU.ActiveCfg = Release|Any CPU
		{D02A6915-AC82-4BC1-883D-2263BB3F42A5}.Release|Any CPU.Build.0 = Release|Any CPU
		{87529F48-FD2B-4B4B-84FE-A077551507AF}.Debug|Any CPU.ActiveCfg = Debug|Any CPU
		{87529F48-FD2B-4B4B-84FE-A077551507AF}.Debug|Any CPU.Build.0 = Debug|Any CPU
		{87529F48-FD2B-4B4B-84FE-A077551507AF}.Release|Any CPU.ActiveCfg = Release|Any CPU
		{87529F48-FD2B-4B4B-84FE-A077551507AF}.Release|Any CPU.Build.0 = Release|Any CPU
		{E0F6F669-1F0B-4EA7-9842-B3ED70C2D46B}.Debug|Any CPU.ActiveCfg = Debug|Any CPU
		{E0F6F669-1F0B-4EA7-9842-B3ED70C2D46B}.Debug|Any CPU.Build.0 = Debug|Any CPU
		{E0F6F669-1F0B-4EA7-9842-B3ED70C2D46B}.Release|Any CPU.ActiveCfg = Release|Any CPU
		{E0F6F669-1F0B-4EA7-9842-B3ED70C2D46B}.Release|Any CPU.Build.0 = Release|Any CPU
		{17E31959-194E-4226-8EE5-904C7A21FF48}.Debug|Any CPU.ActiveCfg = Debug|Any CPU
		{17E31959-194E-4226-8EE5-904C7A21FF48}.Debug|Any CPU.Build.0 = Debug|Any CPU
		{17E31959-194E-4226-8EE5-904C7A21FF48}.Release|Any CPU.ActiveCfg = Release|Any CPU
		{17E31959-194E-4226-8EE5-904C7A21FF48}.Release|Any CPU.Build.0 = Release|Any CPU
		{1DF8F480-99B9-4805-8393-7B6457522978}.Debug|Any CPU.ActiveCfg = Debug|Any CPU
		{1DF8F480-99B9-4805-8393-7B6457522978}.Debug|Any CPU.Build.0 = Debug|Any CPU
		{1DF8F480-99B9-4805-8393-7B6457522978}.Release|Any CPU.ActiveCfg = Release|Any CPU
		{1DF8F480-99B9-4805-8393-7B6457522978}.Release|Any CPU.Build.0 = Release|Any CPU
		{59857605-A2DB-4FCB-943C-46C846A755E1}.Debug|Any CPU.ActiveCfg = Debug|Any CPU
		{59857605-A2DB-4FCB-943C-46C846A755E1}.Debug|Any CPU.Build.0 = Debug|Any CPU
		{59857605-A2DB-4FCB-943C-46C846A755E1}.Release|Any CPU.ActiveCfg = Release|Any CPU
		{59857605-A2DB-4FCB-943C-46C846A755E1}.Release|Any CPU.Build.0 = Release|Any CPU
		{AEE4B9AC-E5BB-49A9-A648-951F5C1F9943}.Debug|Any CPU.ActiveCfg = Debug|Any CPU
		{AEE4B9AC-E5BB-49A9-A648-951F5C1F9943}.Debug|Any CPU.Build.0 = Debug|Any CPU
		{AEE4B9AC-E5BB-49A9-A648-951F5C1F9943}.Release|Any CPU.ActiveCfg = Release|Any CPU
		{AEE4B9AC-E5BB-49A9-A648-951F5C1F9943}.Release|Any CPU.Build.0 = Release|Any CPU
		{05CF35DB-18E8-4067-A7EF-362F68872396}.Debug|Any CPU.ActiveCfg = Debug|Any CPU
		{05CF35DB-18E8-4067-A7EF-362F68872396}.Debug|Any CPU.Build.0 = Debug|Any CPU
		{05CF35DB-18E8-4067-A7EF-362F68872396}.Release|Any CPU.ActiveCfg = Release|Any CPU
		{05CF35DB-18E8-4067-A7EF-362F68872396}.Release|Any CPU.Build.0 = Release|Any CPU
		{625E6A78-74E2-4508-936A-0DDE9BF1F997}.Debug|Any CPU.ActiveCfg = Debug|Any CPU
		{625E6A78-74E2-4508-936A-0DDE9BF1F997}.Debug|Any CPU.Build.0 = Debug|Any CPU
		{625E6A78-74E2-4508-936A-0DDE9BF1F997}.Release|Any CPU.ActiveCfg = Release|Any CPU
		{625E6A78-74E2-4508-936A-0DDE9BF1F997}.Release|Any CPU.Build.0 = Release|Any CPU
	EndGlobalSection
	GlobalSection(SolutionProperties) = preSolution
		HideSolutionNode = FALSE
	EndGlobalSection
	GlobalSection(ExtensibilityGlobals) = postSolution
		SolutionGuid = {01AA62B0-329E-47AD-BA85-693CB76BEA07}
	EndGlobalSection
EndGlobal
